
Microsoft Visual Studio Solution File, Format Version 12.00
# Visual Studio Version 16
VisualStudioVersion = 16.0.29001.49
MinimumVisualStudioVersion = 10.0.40219.1
Project("{FAE04EC0-301F-11D3-BF4B-00C04F79EFBC}") = "Aula48", "Aula48\Aula48.csproj", "{1CA79B58-73E9-402D-8773-E4DCAE18067B}"
EndProject
Project("{2150E333-8FDC-42A3-9474-1A3956D46DE8}") = "Reforço de aprendizagem", "Reforço de aprendizagem", "{A4843061-BBF4-4ACC-ABD9-26D5CCBA61AA}"
	ProjectSection(SolutionItems) = preProject
		ConstrutorComThis(Aula54).cs = ConstrutorComThis(Aula54).cs
		Nullables(Aula68).cs = Nullables(Aula68).cs
	EndProjectSection
EndProject
Global
	GlobalSection(SolutionConfigurationPlatforms) = preSolution
		Debug|Any CPU = Debug|Any CPU
		Release|Any CPU = Release|Any CPU
	EndGlobalSection
	GlobalSection(ProjectConfigurationPlatforms) = postSolution
		{1CA79B58-73E9-402D-8773-E4DCAE18067B}.Debug|Any CPU.ActiveCfg = Debug|Any CPU
		{1CA79B58-73E9-402D-8773-E4DCAE18067B}.Debug|Any CPU.Build.0 = Debug|Any CPU
		{1CA79B58-73E9-402D-8773-E4DCAE18067B}.Release|Any CPU.ActiveCfg = Release|Any CPU
		{1CA79B58-73E9-402D-8773-E4DCAE18067B}.Release|Any CPU.Build.0 = Release|Any CPU
	EndGlobalSection
	GlobalSection(SolutionProperties) = preSolution
		HideSolutionNode = FALSE
	EndGlobalSection
	GlobalSection(ExtensibilityGlobals) = postSolution
		SolutionGuid = {9776F164-CB9B-4ED6-9F55-C11EDDD2D614}
	EndGlobalSection
EndGlobal
