
Microsoft Visual Studio Solution File, Format Version 12.00
# Visual Studio Version 16
VisualStudioVersion = 16.0.29001.49
MinimumVisualStudioVersion = 10.0.40219.1
Project("{FAE04EC0-301F-11D3-BF4B-00C04F79EFBC}") = "Aula48", "Aula48\Aula48.csproj", "{1CA79B58-73E9-402D-8773-E4DCAE18067B}"
EndProject
Project("{9A19103F-16F7-4668-BE54-9A1E7A4F7556}") = "Aula78", "Aula78\Aula78.csproj", "{13A1D02C-4EF8-4B67-B164-B46F70101B02}"
EndProject
Project("{FAE04EC0-301F-11D3-BF4B-00C04F79EFBC}") = "Aula115_Enum", "Aula115_Enum\Aula115_Enum.csproj", "{09510227-ADE6-4D53-83C6-16D91904C2B1}"
EndProject
Project("{9A19103F-16F7-4668-BE54-9A1E7A4F7556}") = "Aula118_Composicao1+Exercicios", "Aula118_Composicao1+Exercicios\Aula118_Composicao1+Exercicios.csproj", "{FFF299B3-39E2-4C32-9751-F82E6A3D91E0}"
EndProject
Project("{9A19103F-16F7-4668-BE54-9A1E7A4F7556}") = "Aula121_Composition2+Exercicios", "Aula121_Composition2+Exercicios\Aula121_Composition2+Exercicios.csproj", "{EBE1F712-AFF2-4CA2-AEE6-C8189240B9C7}"
EndProject
Project("{9A19103F-16F7-4668-BE54-9A1E7A4F7556}") = "Aula122_ExercicioFixacao", "Aula122_ExercicioFixacao\Aula122_ExercicioFixacao.csproj", "{AE9D6700-7765-48C7-9D67-7D9BD3F2C923}"
EndProject
Project("{9A19103F-16F7-4668-BE54-9A1E7A4F7556}") = "Aula126_Upcasting+Downcasting", "Aula126_Upcasting+Downcasting\Aula126_Upcasting+Downcasting.csproj", "{B37C4860-C2E7-43DA-996A-FC218A5C8857}"
EndProject
Project("{9A19103F-16F7-4668-BE54-9A1E7A4F7556}") = "Aula130_Heranca_Polimorfismo", "Aula130_Heranca_Polimorfismo\Aula130_Heranca_Polimorfismo.csproj", "{ADDDA1F0-B1DD-4111-9A2D-3C5E712B0E36}"
EndProject
Project("{9A19103F-16F7-4668-BE54-9A1E7A4F7556}") = "Aula132", "Aula132\Aula132.csproj", "{D07C93BE-D6C4-4BB0-BFE5-177A3082CBE0}"
EndProject
Project("{9A19103F-16F7-4668-BE54-9A1E7A4F7556}") = "Aula136_ExChallenge", "Aula136_ExChallenge\Aula136_ExChallenge.csproj", "{F9D4802F-B719-4DA8-9BB1-A5D4BDC4F144}"
EndProject
Project("{9A19103F-16F7-4668-BE54-9A1E7A4F7556}") = "Aula145_ExercicioFixacao", "Aula145_ExercicioFixacao\Aula145_ExercicioFixacao.csproj", "{C6D04985-493B-4B20-85BD-C9DC140D3A7A}"
EndProject
Project("{9A19103F-16F7-4668-BE54-9A1E7A4F7556}") = "Aula196_Interfaces", "Aula196_Interfaces\Aula196_Interfaces.csproj", "{563CD5BF-17E0-4027-A954-864BB4552A44}"
EndProject
Project("{FAE04EC0-301F-11D3-BF4B-00C04F79EFBC}") = "Aula202_ExtensionMethods", "Aula202_ExtensionMethods\Aula202_ExtensionMethods.csproj", "{86D394CF-CD48-4357-B418-C189D8F6F5FB}"
EndProject
Global
	GlobalSection(SolutionConfigurationPlatforms) = preSolution
		Debug|Any CPU = Debug|Any CPU
		Release|Any CPU = Release|Any CPU
	EndGlobalSection
	GlobalSection(ProjectConfigurationPlatforms) = postSolution
		{1CA79B58-73E9-402D-8773-E4DCAE18067B}.Debug|Any CPU.ActiveCfg = Debug|Any CPU
		{1CA79B58-73E9-402D-8773-E4DCAE18067B}.Debug|Any CPU.Build.0 = Debug|Any CPU
		{1CA79B58-73E9-402D-8773-E4DCAE18067B}.Release|Any CPU.ActiveCfg = Release|Any CPU
		{1CA79B58-73E9-402D-8773-E4DCAE18067B}.Release|Any CPU.Build.0 = Release|Any CPU
		{13A1D02C-4EF8-4B67-B164-B46F70101B02}.Debug|Any CPU.ActiveCfg = Debug|Any CPU
		{13A1D02C-4EF8-4B67-B164-B46F70101B02}.Debug|Any CPU.Build.0 = Debug|Any CPU
		{13A1D02C-4EF8-4B67-B164-B46F70101B02}.Release|Any CPU.ActiveCfg = Release|Any CPU
		{13A1D02C-4EF8-4B67-B164-B46F70101B02}.Release|Any CPU.Build.0 = Release|Any CPU
		{09510227-ADE6-4D53-83C6-16D91904C2B1}.Debug|Any CPU.ActiveCfg = Debug|Any CPU
		{09510227-ADE6-4D53-83C6-16D91904C2B1}.Debug|Any CPU.Build.0 = Debug|Any CPU
		{09510227-ADE6-4D53-83C6-16D91904C2B1}.Release|Any CPU.ActiveCfg = Release|Any CPU
		{09510227-ADE6-4D53-83C6-16D91904C2B1}.Release|Any CPU.Build.0 = Release|Any CPU
		{FFF299B3-39E2-4C32-9751-F82E6A3D91E0}.Debug|Any CPU.ActiveCfg = Debug|Any CPU
		{FFF299B3-39E2-4C32-9751-F82E6A3D91E0}.Debug|Any CPU.Build.0 = Debug|Any CPU
		{FFF299B3-39E2-4C32-9751-F82E6A3D91E0}.Release|Any CPU.ActiveCfg = Release|Any CPU
		{FFF299B3-39E2-4C32-9751-F82E6A3D91E0}.Release|Any CPU.Build.0 = Release|Any CPU
		{EBE1F712-AFF2-4CA2-AEE6-C8189240B9C7}.Debug|Any CPU.ActiveCfg = Debug|Any CPU
		{EBE1F712-AFF2-4CA2-AEE6-C8189240B9C7}.Debug|Any CPU.Build.0 = Debug|Any CPU
		{EBE1F712-AFF2-4CA2-AEE6-C8189240B9C7}.Release|Any CPU.ActiveCfg = Release|Any CPU
		{EBE1F712-AFF2-4CA2-AEE6-C8189240B9C7}.Release|Any CPU.Build.0 = Release|Any CPU
		{AE9D6700-7765-48C7-9D67-7D9BD3F2C923}.Debug|Any CPU.ActiveCfg = Debug|Any CPU
		{AE9D6700-7765-48C7-9D67-7D9BD3F2C923}.Debug|Any CPU.Build.0 = Debug|Any CPU
		{AE9D6700-7765-48C7-9D67-7D9BD3F2C923}.Release|Any CPU.ActiveCfg = Release|Any CPU
		{AE9D6700-7765-48C7-9D67-7D9BD3F2C923}.Release|Any CPU.Build.0 = Release|Any CPU
		{B37C4860-C2E7-43DA-996A-FC218A5C8857}.Debug|Any CPU.ActiveCfg = Debug|Any CPU
		{B37C4860-C2E7-43DA-996A-FC218A5C8857}.Debug|Any CPU.Build.0 = Debug|Any CPU
		{B37C4860-C2E7-43DA-996A-FC218A5C8857}.Release|Any CPU.ActiveCfg = Release|Any CPU
		{B37C4860-C2E7-43DA-996A-FC218A5C8857}.Release|Any CPU.Build.0 = Release|Any CPU
		{ADDDA1F0-B1DD-4111-9A2D-3C5E712B0E36}.Debug|Any CPU.ActiveCfg = Debug|Any CPU
		{ADDDA1F0-B1DD-4111-9A2D-3C5E712B0E36}.Debug|Any CPU.Build.0 = Debug|Any CPU
		{ADDDA1F0-B1DD-4111-9A2D-3C5E712B0E36}.Release|Any CPU.ActiveCfg = Release|Any CPU
		{ADDDA1F0-B1DD-4111-9A2D-3C5E712B0E36}.Release|Any CPU.Build.0 = Release|Any CPU
		{D07C93BE-D6C4-4BB0-BFE5-177A3082CBE0}.Debug|Any CPU.ActiveCfg = Debug|Any CPU
		{D07C93BE-D6C4-4BB0-BFE5-177A3082CBE0}.Debug|Any CPU.Build.0 = Debug|Any CPU
		{D07C93BE-D6C4-4BB0-BFE5-177A3082CBE0}.Release|Any CPU.ActiveCfg = Release|Any CPU
		{D07C93BE-D6C4-4BB0-BFE5-177A3082CBE0}.Release|Any CPU.Build.0 = Release|Any CPU
		{F9D4802F-B719-4DA8-9BB1-A5D4BDC4F144}.Debug|Any CPU.ActiveCfg = Debug|Any CPU
		{F9D4802F-B719-4DA8-9BB1-A5D4BDC4F144}.Debug|Any CPU.Build.0 = Debug|Any CPU
		{F9D4802F-B719-4DA8-9BB1-A5D4BDC4F144}.Release|Any CPU.ActiveCfg = Release|Any CPU
		{F9D4802F-B719-4DA8-9BB1-A5D4BDC4F144}.Release|Any CPU.Build.0 = Release|Any CPU
		{C6D04985-493B-4B20-85BD-C9DC140D3A7A}.Debug|Any CPU.ActiveCfg = Debug|Any CPU
		{C6D04985-493B-4B20-85BD-C9DC140D3A7A}.Debug|Any CPU.Build.0 = Debug|Any CPU
		{C6D04985-493B-4B20-85BD-C9DC140D3A7A}.Release|Any CPU.ActiveCfg = Release|Any CPU
		{C6D04985-493B-4B20-85BD-C9DC140D3A7A}.Release|Any CPU.Build.0 = Release|Any CPU
		{563CD5BF-17E0-4027-A954-864BB4552A44}.Debug|Any CPU.ActiveCfg = Debug|Any CPU
		{563CD5BF-17E0-4027-A954-864BB4552A44}.Debug|Any CPU.Build.0 = Debug|Any CPU
		{563CD5BF-17E0-4027-A954-864BB4552A44}.Release|Any CPU.ActiveCfg = Release|Any CPU
		{563CD5BF-17E0-4027-A954-864BB4552A44}.Release|Any CPU.Build.0 = Release|Any CPU
		{86D394CF-CD48-4357-B418-C189D8F6F5FB}.Debug|Any CPU.ActiveCfg = Debug|Any CPU
		{86D394CF-CD48-4357-B418-C189D8F6F5FB}.Debug|Any CPU.Build.0 = Debug|Any CPU
		{86D394CF-CD48-4357-B418-C189D8F6F5FB}.Release|Any CPU.ActiveCfg = Release|Any CPU
		{86D394CF-CD48-4357-B418-C189D8F6F5FB}.Release|Any CPU.Build.0 = Release|Any CPU
	EndGlobalSection
	GlobalSection(SolutionProperties) = preSolution
		HideSolutionNode = FALSE
	EndGlobalSection
	GlobalSection(ExtensibilityGlobals) = postSolution
		SolutionGuid = {9776F164-CB9B-4ED6-9F55-C11EDDD2D614}
	EndGlobalSection
EndGlobal
