
Microsoft Visual Studio Solution File, Format Version 12.00
# Visual Studio 15
VisualStudioVersion = 15.0.27130.2027
MinimumVisualStudioVersion = 10.0.40219.1
Project("{888888A0-9F3D-457C-B088-3A5042F75D52}") = "AtividadesBlogShade", "AtividadesBlogShade\AtividadesBlogShade.pyproj", "{264B7C64-3EB6-4CB0-968D-8F994E4CC393}"
EndProject
Global
	GlobalSection(SolutionConfigurationPlatforms) = preSolution
		Debug|Any CPU = Debug|Any CPU
		Release|Any CPU = Release|Any CPU
	EndGlobalSection
	GlobalSection(ProjectConfigurationPlatforms) = postSolution
		{264B7C64-3EB6-4CB0-968D-8F994E4CC393}.Debug|Any CPU.ActiveCfg = Debug|Any CPU
		{264B7C64-3EB6-4CB0-968D-8F994E4CC393}.Release|Any CPU.ActiveCfg = Release|Any CPU
	EndGlobalSection
	GlobalSection(SolutionProperties) = preSolution
		HideSolutionNode = FALSE
	EndGlobalSection
	GlobalSection(ExtensibilityGlobals) = postSolution
		SolutionGuid = {463DA9C6-922E-446D-AB5A-B73437E6F5E8}
	EndGlobalSection
EndGlobal
